// !$*UTF8*$!
{
	archiveVersion = 1;
	classes = {
	};
	objectVersion = 50;
	objects = {

/* Begin PBXBuildFile section */
		043D7C962346B21D006A9291 /* AppDelegate.swift in Sources */ = {isa = PBXBuildFile; fileRef = 043D7C952346B21D006A9291 /* AppDelegate.swift */; };
		043D7C982346B21D006A9291 /* SceneDelegate.swift in Sources */ = {isa = PBXBuildFile; fileRef = 043D7C972346B21D006A9291 /* SceneDelegate.swift */; };
		043D7C9A2346B21D006A9291 /* ViewController.swift in Sources */ = {isa = PBXBuildFile; fileRef = 043D7C992346B21D006A9291 /* ViewController.swift */; };
		043D7C9D2346B21D006A9291 /* Main.storyboard in Resources */ = {isa = PBXBuildFile; fileRef = 043D7C9B2346B21D006A9291 /* Main.storyboard */; };
		043D7C9F2346B21E006A9291 /* Assets.xcassets in Resources */ = {isa = PBXBuildFile; fileRef = 043D7C9E2346B21E006A9291 /* Assets.xcassets */; };
		043D7CA22346B21E006A9291 /* LaunchScreen.storyboard in Resources */ = {isa = PBXBuildFile; fileRef = 043D7CA02346B21E006A9291 /* LaunchScreen.storyboard */; };
		043D7CAD2346B21E006A9291 /* newTests.swift in Sources */ = {isa = PBXBuildFile; fileRef = 043D7CAC2346B21E006A9291 /* newTests.swift */; };
		043D7CB82346B21E006A9291 /* newUITests.swift in Sources */ = {isa = PBXBuildFile; fileRef = 043D7CB72346B21E006A9291 /* newUITests.swift */; };
/* End PBXBuildFile section */

/* Begin PBXContainerItemProxy section */
		043D7CA92346B21E006A9291 /* PBXContainerItemProxy */ = {
			isa = PBXContainerItemProxy;
			containerPortal = 043D7C8A2346B21D006A9291 /* Project object */;
			proxyType = 1;
			remoteGlobalIDString = 043D7C912346B21D006A9291;
			remoteInfo = new;
		};
		043D7CB42346B21E006A9291 /* PBXContainerItemProxy */ = {
			isa = PBXContainerItemProxy;
			containerPortal = 043D7C8A2346B21D006A9291 /* Project object */;
			proxyType = 1;
			remoteGlobalIDString = 043D7C912346B21D006A9291;
			remoteInfo = new;
		};
/* End PBXContainerItemProxy section */

/* Begin PBXFileReference section */
		043D7C922346B21D006A9291 /* new.app */ = {isa = PBXFileReference; explicitFileType = wrapper.application; includeInIndex = 0; path = new.app; sourceTree = BUILT_PRODUCTS_DIR; };
		043D7C952346B21D006A9291 /* AppDelegate.swift */ = {isa = PBXFileReference; lastKnownFileType = sourcecode.swift; path = AppDelegate.swift; sourceTree = "<group>"; };
		043D7C972346B21D006A9291 /* SceneDelegate.swift */ = {isa = PBXFileReference; lastKnownFileType = sourcecode.swift; path = SceneDelegate.swift; sourceTree = "<group>"; };
		043D7C992346B21D006A9291 /* ViewController.swift */ = {isa = PBXFileReference; lastKnownFileType = sourcecode.swift; path = ViewController.swift; sourceTree = "<group>"; };
		043D7C9C2346B21D006A9291 /* Base */ = {isa = PBXFileReference; lastKnownFileType = file.storyboard; name = Base; path = Base.lproj/Main.storyboard; sourceTree = "<group>"; };
		043D7C9E2346B21E006A9291 /* Assets.xcassets */ = {isa = PBXFileReference; lastKnownFileType = folder.assetcatalog; path = Assets.xcassets; sourceTree = "<group>"; };
		043D7CA12346B21E006A9291 /* Base */ = {isa = PBXFileReference; lastKnownFileType = file.storyboard; name = Base; path = Base.lproj/LaunchScreen.storyboard; sourceTree = "<group>"; };
		043D7CA32346B21E006A9291 /* Info.plist */ = {isa = PBXFileReference; lastKnownFileType = text.plist.xml; path = Info.plist; sourceTree = "<group>"; };
		043D7CA82346B21E006A9291 /* newTests.xctest */ = {isa = PBXFileReference; explicitFileType = wrapper.cfbundle; includeInIndex = 0; path = newTests.xctest; sourceTree = BUILT_PRODUCTS_DIR; };
		043D7CAC2346B21E006A9291 /* newTests.swift */ = {isa = PBXFileReference; lastKnownFileType = sourcecode.swift; path = newTests.swift; sourceTree = "<group>"; };
		043D7CAE2346B21E006A9291 /* Info.plist */ = {isa = PBXFileReference; lastKnownFileType = text.plist.xml; path = Info.plist; sourceTree = "<group>"; };
		043D7CB32346B21E006A9291 /* newUITests.xctest */ = {isa = PBXFileReference; explicitFileType = wrapper.cfbundle; includeInIndex = 0; path = newUITests.xctest; sourceTree = BUILT_PRODUCTS_DIR; };
		043D7CB72346B21E006A9291 /* newUITests.swift */ = {isa = PBXFileReference; lastKnownFileType = sourcecode.swift; path = newUITests.swift; sourceTree = "<group>"; };
		043D7CB92346B21E006A9291 /* Info.plist */ = {isa = PBXFileReference; lastKnownFileType = text.plist.xml; path = Info.plist; sourceTree = "<group>"; };
/* End PBXFileReference section */

/* Begin PBXFrameworksBuildPhase section */
		043D7C8F2346B21D006A9291 /* Frameworks */ = {
			isa = PBXFrameworksBuildPhase;
			buildActionMask = 2147483647;
			files = (
			);
			runOnlyForDeploymentPostprocessing = 0;
		};
		043D7CA52346B21E006A9291 /* Frameworks */ = {
			isa = PBXFrameworksBuildPhase;
			buildActionMask = 2147483647;
			files = (
			);
			runOnlyForDeploymentPostprocessing = 0;
		};
		043D7CB02346B21E006A9291 /* Frameworks */ = {
			isa = PBXFrameworksBuildPhase;
			buildActionMask = 2147483647;
			files = (
			);
			runOnlyForDeploymentPostprocessing = 0;
		};
/* End PBXFrameworksBuildPhase section */

/* Begin PBXGroup section */
		043D7C892346B21D006A9291 = {
			isa = PBXGroup;
			children = (
				043D7C942346B21D006A9291 /* new */,
				043D7CAB2346B21E006A9291 /* newTests */,
				043D7CB62346B21E006A9291 /* newUITests */,
				043D7C932346B21D006A9291 /* Products */,
			);
			sourceTree = "<group>";
		};
		043D7C932346B21D006A9291 /* Products */ = {
			isa = PBXGroup;
			children = (
				043D7C922346B21D006A9291 /* new.app */,
				043D7CA82346B21E006A9291 /* newTests.xctest */,
				043D7CB32346B21E006A9291 /* newUITests.xctest */,
			);
			name = Products;
			sourceTree = "<group>";
		};
		043D7C942346B21D006A9291 /* new */ = {
			isa = PBXGroup;
			children = (
				043D7C952346B21D006A9291 /* AppDelegate.swift */,
				043D7C972346B21D006A9291 /* SceneDelegate.swift */,
				043D7C992346B21D006A9291 /* ViewController.swift */,
				043D7C9B2346B21D006A9291 /* Main.storyboard */,
				043D7C9E2346B21E006A9291 /* Assets.xcassets */,
				043D7CA02346B21E006A9291 /* LaunchScreen.storyboard */,
				043D7CA32346B21E006A9291 /* Info.plist */,
			);
			path = new;
			sourceTree = "<group>";
		};
		043D7CAB2346B21E006A9291 /* newTests */ = {
			isa = PBXGroup;
			children = (
				043D7CAC2346B21E006A9291 /* newTests.swift */,
				043D7CAE2346B21E006A9291 /* Info.plist */,
			);
			path = newTests;
			sourceTree = "<group>";
		};
		043D7CB62346B21E006A9291 /* newUITests */ = {
			isa = PBXGroup;
			children = (
				043D7CB72346B21E006A9291 /* newUITests.swift */,
				043D7CB92346B21E006A9291 /* Info.plist */,
			);
			path = newUITests;
			sourceTree = "<group>";
		};
/* End PBXGroup section */

/* Begin PBXNativeTarget section */
		043D7C912346B21D006A9291 /* new */ = {
			isa = PBXNativeTarget;
			buildConfigurationList = 043D7CBC2346B21E006A9291 /* Build configuration list for PBXNativeTarget "new" */;
			buildPhases = (
				043D7C8E2346B21D006A9291 /* Sources */,
				043D7C8F2346B21D006A9291 /* Frameworks */,
				043D7C902346B21D006A9291 /* Resources */,
			);
			buildRules = (
			);
			dependencies = (
			);
			name = new;
			productName = new;
			productReference = 043D7C922346B21D006A9291 /* new.app */;
			productType = "com.apple.product-type.application";
		};
		043D7CA72346B21E006A9291 /* newTests */ = {
			isa = PBXNativeTarget;
			buildConfigurationList = 043D7CBF2346B21E006A9291 /* Build configuration list for PBXNativeTarget "newTests" */;
			buildPhases = (
				043D7CA42346B21E006A9291 /* Sources */,
				043D7CA52346B21E006A9291 /* Frameworks */,
				043D7CA62346B21E006A9291 /* Resources */,
			);
			buildRules = (
			);
			dependencies = (
				043D7CAA2346B21E006A9291 /* PBXTargetDependency */,
			);
			name = newTests;
			productName = newTests;
			productReference = 043D7CA82346B21E006A9291 /* newTests.xctest */;
			productType = "com.apple.product-type.bundle.unit-test";
		};
		043D7CB22346B21E006A9291 /* newUITests */ = {
			isa = PBXNativeTarget;
			buildConfigurationList = 043D7CC22346B21E006A9291 /* Build configuration list for PBXNativeTarget "newUITests" */;
			buildPhases = (
				043D7CAF2346B21E006A9291 /* Sources */,
				043D7CB02346B21E006A9291 /* Frameworks */,
				043D7CB12346B21E006A9291 /* Resources */,
			);
			buildRules = (
			);
			dependencies = (
				043D7CB52346B21E006A9291 /* PBXTargetDependency */,
			);
			name = newUITests;
			productName = newUITests;
			productReference = 043D7CB32346B21E006A9291 /* newUITests.xctest */;
			productType = "com.apple.product-type.bundle.ui-testing";
		};
/* End PBXNativeTarget section */

/* Begin PBXProject section */
		043D7C8A2346B21D006A9291 /* Project object */ = {
			isa = PBXProject;
			attributes = {
				LastSwiftUpdateCheck = 1100;
				LastUpgradeCheck = 1100;
				ORGANIZATIONNAME = new;
				TargetAttributes = {
					043D7C912346B21D006A9291 = {
						CreatedOnToolsVersion = 11.0;
					};
					043D7CA72346B21E006A9291 = {
						CreatedOnToolsVersion = 11.0;
						TestTargetID = 043D7C912346B21D006A9291;
					};
					043D7CB22346B21E006A9291 = {
						CreatedOnToolsVersion = 11.0;
						TestTargetID = 043D7C912346B21D006A9291;
					};
				};
			};
			buildConfigurationList = 043D7C8D2346B21D006A9291 /* Build configuration list for PBXProject "new" */;
			compatibilityVersion = "Xcode 9.3";
			developmentRegion = en;
			hasScannedForEncodings = 0;
			knownRegions = (
				en,
				Base,
			);
			mainGroup = 043D7C892346B21D006A9291;
			productRefGroup = 043D7C932346B21D006A9291 /* Products */;
			projectDirPath = "";
			projectRoot = "";
			targets = (
				043D7C912346B21D006A9291 /* new */,
				043D7CA72346B21E006A9291 /* newTests */,
				043D7CB22346B21E006A9291 /* newUITests */,
			);
		};
/* End PBXProject section */

/* Begin PBXResourcesBuildPhase section */
		043D7C902346B21D006A9291 /* Resources */ = {
			isa = PBXResourcesBuildPhase;
			buildActionMask = 2147483647;
			files = (
				043D7CA22346B21E006A9291 /* LaunchScreen.storyboard in Resources */,
				043D7C9F2346B21E006A9291 /* Assets.xcassets in Resources */,
				043D7C9D2346B21D006A9291 /* Main.storyboard in Resources */,
			);
			runOnlyForDeploymentPostprocessing = 0;
		};
		043D7CA62346B21E006A9291 /* Resources */ = {
			isa = PBXResourcesBuildPhase;
			buildActionMask = 2147483647;
			files = (
			);
			runOnlyForDeploymentPostprocessing = 0;
		};
		043D7CB12346B21E006A9291 /* Resources */ = {
			isa = PBXResourcesBuildPhase;
			buildActionMask = 2147483647;
			files = (
			);
			runOnlyForDeploymentPostprocessing = 0;
		};
/* End PBXResourcesBuildPhase section */

/* Begin PBXSourcesBuildPhase section */
		043D7C8E2346B21D006A9291 /* Sources */ = {
			isa = PBXSourcesBuildPhase;
			buildActionMask = 2147483647;
			files = (
				043D7C9A2346B21D006A9291 /* ViewController.swift in Sources */,
				043D7C962346B21D006A9291 /* AppDelegate.swift in Sources */,
				043D7C982346B21D006A9291 /* SceneDelegate.swift in Sources */,
			);
			runOnlyForDeploymentPostprocessing = 0;
		};
		043D7CA42346B21E006A9291 /* Sources */ = {
			isa = PBXSourcesBuildPhase;
			buildActionMask = 2147483647;
			files = (
				043D7CAD2346B21E006A9291 /* newTests.swift in Sources */,
			);
			runOnlyForDeploymentPostprocessing = 0;
		};
		043D7CAF2346B21E006A9291 /* Sources */ = {
			isa = PBXSourcesBuildPhase;
			buildActionMask = 2147483647;
			files = (
				043D7CB82346B21E006A9291 /* newUITests.swift in Sources */,
			);
			runOnlyForDeploymentPostprocessing = 0;
		};
/* End PBXSourcesBuildPhase section */

/* Begin PBXTargetDependency section */
		043D7CAA2346B21E006A9291 /* PBXTargetDependency */ = {
			isa = PBXTargetDependency;
			target = 043D7C912346B21D006A9291 /* new */;
			targetProxy = 043D7CA92346B21E006A9291 /* PBXContainerItemProxy */;
		};
		043D7CB52346B21E006A9291 /* PBXTargetDependency */ = {
			isa = PBXTargetDependency;
			target = 043D7C912346B21D006A9291 /* new */;
			targetProxy = 043D7CB42346B21E006A9291 /* PBXContainerItemProxy */;
		};
/* End PBXTargetDependency section */

/* Begin PBXVariantGroup section */
		043D7C9B2346B21D006A9291 /* Main.storyboard */ = {
			isa = PBXVariantGroup;
			children = (
				043D7C9C2346B21D006A9291 /* Base */,
			);
			name = Main.storyboard;
			sourceTree = "<group>";
		};
		043D7CA02346B21E006A9291 /* LaunchScreen.storyboard */ = {
			isa = PBXVariantGroup;
			children = (
				043D7CA12346B21E006A9291 /* Base */,
			);
			name = LaunchScreen.storyboard;
			sourceTree = "<group>";
		};
/* End PBXVariantGroup section */

/* Begin XCBuildConfiguration section */
		043D7CBA2346B21E006A9291 /* Debug */ = {
			isa = XCBuildConfiguration;
			buildSettings = {
				ALWAYS_SEARCH_USER_PATHS = NO;
				CLANG_ANALYZER_NONNULL = YES;
				CLANG_ANALYZER_NUMBER_OBJECT_CONVERSION = YES_AGGRESSIVE;
				CLANG_CXX_LANGUAGE_STANDARD = "gnu++14";
				CLANG_CXX_LIBRARY = "libc++";
				CLANG_ENABLE_MODULES = YES;
				CLANG_ENABLE_OBJC_ARC = YES;
				CLANG_ENABLE_OBJC_WEAK = YES;
				CLANG_WARN_BLOCK_CAPTURE_AUTORELEASING = YES;
				CLANG_WARN_BOOL_CONVERSION = YES;
				CLANG_WARN_COMMA = YES;
				CLANG_WARN_CONSTANT_CONVERSION = YES;
				CLANG_WARN_DEPRECATED_OBJC_IMPLEMENTATIONS = YES;
				CLANG_WARN_DIRECT_OBJC_ISA_USAGE = YES_ERROR;
				CLANG_WARN_DOCUMENTATION_COMMENTS = YES;
				CLANG_WARN_EMPTY_BODY = YES;
				CLANG_WARN_ENUM_CONVERSION = YES;
				CLANG_WARN_INFINITE_RECURSION = YES;
				CLANG_WARN_INT_CONVERSION = YES;
				CLANG_WARN_NON_LITERAL_NULL_CONVERSION = YES;
				CLANG_WARN_OBJC_IMPLICIT_RETAIN_SELF = YES;
				CLANG_WARN_OBJC_LITERAL_CONVERSION = YES;
				CLANG_WARN_OBJC_ROOT_CLASS = YES_ERROR;
				CLANG_WARN_RANGE_LOOP_ANALYSIS = YES;
				CLANG_WARN_STRICT_PROTOTYPES = YES;
				CLANG_WARN_SUSPICIOUS_MOVE = YES;
				CLANG_WARN_UNGUARDED_AVAILABILITY = YES_AGGRESSIVE;
				CLANG_WARN_UNREACHABLE_CODE = YES;
				CLANG_WARN__DUPLICATE_METHOD_MATCH = YES;
				COPY_PHASE_STRIP = NO;
				DEBUG_INFORMATION_FORMAT = dwarf;
				ENABLE_STRICT_OBJC_MSGSEND = YES;
				ENABLE_TESTABILITY = YES;
				GCC_C_LANGUAGE_STANDARD = gnu11;
				GCC_DYNAMIC_NO_PIC = NO;
				GCC_NO_COMMON_BLOCKS = YES;
				GCC_OPTIMIZATION_LEVEL = 0;
				GCC_PREPROCESSOR_DEFINITIONS = (
					"DEBUG=1",
					"$(inherited)",
				);
				GCC_WARN_64_TO_32_BIT_CONVERSION = YES;
				GCC_WARN_ABOUT_RETURN_TYPE = YES_ERROR;
				GCC_WARN_UNDECLARED_SELECTOR = YES;
				GCC_WARN_UNINITIALIZED_AUTOS = YES_AGGRESSIVE;
				GCC_WARN_UNUSED_FUNCTION = YES;
				GCC_WARN_UNUSED_VARIABLE = YES;
				IPHONEOS_DEPLOYMENT_TARGET = 13.0;
				MTL_ENABLE_DEBUG_INFO = INCLUDE_SOURCE;
				MTL_FAST_MATH = YES;
				ONLY_ACTIVE_ARCH = YES;
				SDKROOT = iphoneos;
				SWIFT_ACTIVE_COMPILATION_CONDITIONS = DEBUG;
				SWIFT_OPTIMIZATION_LEVEL = "-Onone";
			};
			name = Debug;
		};
		043D7CBB2346B21E006A9291 /* Release */ = {
			isa = XCBuildConfiguration;
			buildSettings = {
				ALWAYS_SEARCH_USER_PATHS = NO;
				CLANG_ANALYZER_NONNULL = YES;
				CLANG_ANALYZER_NUMBER_OBJECT_CONVERSION = YES_AGGRESSIVE;
				CLANG_CXX_LANGUAGE_STANDARD = "gnu++14";
				CLANG_CXX_LIBRARY = "libc++";
				CLANG_ENABLE_MODULES = YES;
				CLANG_ENABLE_OBJC_ARC = YES;
				CLANG_ENABLE_OBJC_WEAK = YES;
				CLANG_WARN_BLOCK_CAPTURE_AUTORELEASING = YES;
				CLANG_WARN_BOOL_CONVERSION = YES;
				CLANG_WARN_COMMA = YES;
				CLANG_WARN_CONSTANT_CONVERSION = YES;
				CLANG_WARN_DEPRECATED_OBJC_IMPLEMENTATIONS = YES;
				CLANG_WARN_DIRECT_OBJC_ISA_USAGE = YES_ERROR;
				CLANG_WARN_DOCUMENTATION_COMMENTS = YES;
				CLANG_WARN_EMPTY_BODY = YES;
				CLANG_WARN_ENUM_CONVERSION = YES;
				CLANG_WARN_INFINITE_RECURSION = YES;
				CLANG_WARN_INT_CONVERSION = YES;
				CLANG_WARN_NON_LITERAL_NULL_CONVERSION = YES;
				CLANG_WARN_OBJC_IMPLICIT_RETAIN_SELF = YES;
				CLANG_WARN_OBJC_LITERAL_CONVERSION = YES;
				CLANG_WARN_OBJC_ROOT_CLASS = YES_ERROR;
				CLANG_WARN_RANGE_LOOP_ANALYSIS = YES;
				CLANG_WARN_STRICT_PROTOTYPES = YES;
				CLANG_WARN_SUSPICIOUS_MOVE = YES;
				CLANG_WARN_UNGUARDED_AVAILABILITY = YES_AGGRESSIVE;
				CLANG_WARN_UNREACHABLE_CODE = YES;
				CLANG_WARN__DUPLICATE_METHOD_MATCH = YES;
				COPY_PHASE_STRIP = NO;
				DEBUG_INFORMATION_FORMAT = "dwarf-with-dsym";
				ENABLE_NS_ASSERTIONS = NO;
				ENABLE_STRICT_OBJC_MSGSEND = YES;
				GCC_C_LANGUAGE_STANDARD = gnu11;
				GCC_NO_COMMON_BLOCKS = YES;
				GCC_WARN_64_TO_32_BIT_CONVERSION = YES;
				GCC_WARN_ABOUT_RETURN_TYPE = YES_ERROR;
				GCC_WARN_UNDECLARED_SELECTOR = YES;
				GCC_WARN_UNINITIALIZED_AUTOS = YES_AGGRESSIVE;
				GCC_WARN_UNUSED_FUNCTION = YES;
				GCC_WARN_UNUSED_VARIABLE = YES;
				IPHONEOS_DEPLOYMENT_TARGET = 13.0;
				MTL_ENABLE_DEBUG_INFO = NO;
				MTL_FAST_MATH = YES;
				SDKROOT = iphoneos;
				SWIFT_COMPILATION_MODE = wholemodule;
				SWIFT_OPTIMIZATION_LEVEL = "-O";
				VALIDATE_PRODUCT = YES;
			};
			name = Release;
		};
		043D7CBD2346B21E006A9291 /* Debug */ = {
			isa = XCBuildConfiguration;
			buildSettings = {
				ASSETCATALOG_COMPILER_APPICON_NAME = AppIcon;
				CODE_SIGN_STYLE = Automatic;
				INFOPLIST_FILE = new/Info.plist;
				LD_RUNPATH_SEARCH_PATHS = (
					"$(inherited)",
					"@executable_path/Frameworks",
				);
				PRODUCT_BUNDLE_IDENTIFIER = logan.new;
				PRODUCT_NAME = "$(TARGET_NAME)";
				SWIFT_VERSION = 5.0;
				TARGETED_DEVICE_FAMILY = "1,2";
			};
			name = Debug;
		};
		043D7CBE2346B21E006A9291 /* Release */ = {
			isa = XCBuildConfiguration;
			buildSettings = {
				ASSETCATALOG_COMPILER_APPICON_NAME = AppIcon;
				CODE_SIGN_STYLE = Automatic;
				INFOPLIST_FILE = new/Info.plist;
				LD_RUNPATH_SEARCH_PATHS = (
					"$(inherited)",
					"@executable_path/Frameworks",
				);
				PRODUCT_BUNDLE_IDENTIFIER = logan.new;
				PRODUCT_NAME = "$(TARGET_NAME)";
				SWIFT_VERSION = 5.0;
				TARGETED_DEVICE_FAMILY = "1,2";
			};
			name = Release;
		};
		043D7CC02346B21E006A9291 /* Debug */ = {
			isa = XCBuildConfiguration;
			buildSettings = {
				ALWAYS_EMBED_SWIFT_STANDARD_LIBRARIES = YES;
				BUNDLE_LOADER = "$(TEST_HOST)";
				CODE_SIGN_STYLE = Automatic;
				INFOPLIST_FILE = newTests/Info.plist;
				IPHONEOS_DEPLOYMENT_TARGET = 13.0;
				LD_RUNPATH_SEARCH_PATHS = (
					"$(inherited)",
					"@executable_path/Frameworks",
					"@loader_path/Frameworks",
				);
				PRODUCT_BUNDLE_IDENTIFIER = logan.newTests;
				PRODUCT_NAME = "$(TARGET_NAME)";
				SWIFT_VERSION = 5.0;
				TARGETED_DEVICE_FAMILY = "1,2";
				TEST_HOST = "$(BUILT_PRODUCTS_DIR)/new.app/new";
			};
			name = Debug;
		};
		043D7CC12346B21E006A9291 /* Release */ = {
			isa = XCBuildConfiguration;
			buildSettings = {
				ALWAYS_EMBED_SWIFT_STANDARD_LIBRARIES = YES;
				BUNDLE_LOADER = "$(TEST_HOST)";
				CODE_SIGN_STYLE = Automatic;
				INFOPLIST_FILE = newTests/Info.plist;
				IPHONEOS_DEPLOYMENT_TARGET = 13.0;
				LD_RUNPATH_SEARCH_PATHS = (
					"$(inherited)",
					"@executable_path/Frameworks",
					"@loader_path/Frameworks",
				);
				PRODUCT_BUNDLE_IDENTIFIER = logan.newTests;
				PRODUCT_NAME = "$(TARGET_NAME)";
				SWIFT_VERSION = 5.0;
				TARGETED_DEVICE_FAMILY = "1,2";
				TEST_HOST = "$(BUILT_PRODUCTS_DIR)/new.app/new";
			};
			name = Release;
		};
		043D7CC32346B21E006A9291 /* Debug */ = {
			isa = XCBuildConfiguration;
			buildSettings = {
				ALWAYS_EMBED_SWIFT_STANDARD_LIBRARIES = YES;
				CODE_SIGN_STYLE = Automatic;
				INFOPLIST_FILE = newUITests/Info.plist;
				LD_RUNPATH_SEARCH_PATHS = (
					"$(inherited)",
					"@executable_path/Frameworks",
					"@loader_path/Frameworks",
				);
				PRODUCT_BUNDLE_IDENTIFIER = logan.newUITests;
				PRODUCT_NAME = "$(TARGET_NAME)";
				SWIFT_VERSION = 5.0;
				TARGETED_DEVICE_FAMILY = "1,2";
				TEST_TARGET_NAME = new;
			};
			name = Debug;
		};
		043D7CC42346B21E006A9291 /* Release */ = {
			isa = XCBuildConfiguration;
			buildSettings = {
				ALWAYS_EMBED_SWIFT_STANDARD_LIBRARIES = YES;
				CODE_SIGN_STYLE = Automatic;
				INFOPLIST_FILE = newUITests/Info.plist;
				LD_RUNPATH_SEARCH_PATHS = (
					"$(inherited)",
					"@executable_path/Frameworks",
					"@loader_path/Frameworks",
				);
				PRODUCT_BUNDLE_IDENTIFIER = logan.newUITests;
				PRODUCT_NAME = "$(TARGET_NAME)";
				SWIFT_VERSION = 5.0;
				TARGETED_DEVICE_FAMILY = "1,2";
				TEST_TARGET_NAME = new;
			};
			name = Release;
		};
/* End XCBuildConfiguration section */

/* Begin XCConfigurationList section */
		043D7C8D2346B21D006A9291 /* Build configuration list for PBXProject "new" */ = {
			isa = XCConfigurationList;
			buildConfigurations = (
				043D7CBA2346B21E006A9291 /* Debug */,
				043D7CBB2346B21E006A9291 /* Release */,
			);
			defaultConfigurationIsVisible = 0;
			defaultConfigurationName = Release;
		};
		043D7CBC2346B21E006A9291 /* Build configuration list for PBXNativeTarget "new" */ = {
			isa = XCConfigurationList;
			buildConfigurations = (
				043D7CBD2346B21E006A9291 /* Debug */,
				043D7CBE2346B21E006A9291 /* Release */,
			);
			defaultConfigurationIsVisible = 0;
			defaultConfigurationName = Release;
		};
		043D7CBF2346B21E006A9291 /* Build configuration list for PBXNativeTarget "newTests" */ = {
			isa = XCConfigurationList;
			buildConfigurations = (
				043D7CC02346B21E006A9291 /* Debug */,
				043D7CC12346B21E006A9291 /* Release */,
			);
			defaultConfigurationIsVisible = 0;
			defaultConfigurationName = Release;
		};
		043D7CC22346B21E006A9291 /* Build configuration list for PBXNativeTarget "newUITests" */ = {
			isa = XCConfigurationList;
			buildConfigurations = (
				043D7CC32346B21E006A9291 /* Debug */,
				043D7CC42346B21E006A9291 /* Release */,
			);
			defaultConfigurationIsVisible = 0;
			defaultConfigurationName = Release;
		};
/* End XCConfigurationList section */
	};
	rootObject = 043D7C8A2346B21D006A9291 /* Project object */;
}
